
Microsoft Visual Studio Solution File, Format Version 12.00
# Visual Studio Version 16
VisualStudioVersion = 16.0.32413.511
MinimumVisualStudioVersion = 10.0.40219.1
Project("{FAE04EC0-301F-11D3-BF4B-00C04F79EFBC}") = "ioCode.Logging", "ioCode.Logging\ioCode.Logging.csproj", "{56D65DA8-484A-478C-B62D-08109369ABC1}"
EndProject
Project("{FAE04EC0-301F-11D3-BF4B-00C04F79EFBC}") = "TestForm", "TestForm\TestForm.csproj", "{74DFB143-6DAD-4107-B481-3C7C09472490}"
EndProject
Global
	GlobalSection(SolutionConfigurationPlatforms) = preSolution
		Debug|Any CPU = Debug|Any CPU
		Release|Any CPU = Release|Any CPU
	EndGlobalSection
	GlobalSection(ProjectConfigurationPlatforms) = postSolution
		{56D65DA8-484A-478C-B62D-08109369ABC1}.Debug|Any CPU.ActiveCfg = Debug|Any CPU
		{56D65DA8-484A-478C-B62D-08109369ABC1}.Debug|Any CPU.Build.0 = Debug|Any CPU
		{56D65DA8-484A-478C-B62D-08109369ABC1}.Release|Any CPU.ActiveCfg = Release|Any CPU
		{56D65DA8-484A-478C-B62D-08109369ABC1}.Release|Any CPU.Build.0 = Release|Any CPU
		{74DFB143-6DAD-4107-B481-3C7C09472490}.Debug|Any CPU.ActiveCfg = Debug|Any CPU
		{74DFB143-6DAD-4107-B481-3C7C09472490}.Debug|Any CPU.Build.0 = Debug|Any CPU
		{74DFB143-6DAD-4107-B481-3C7C09472490}.Release|Any CPU.ActiveCfg = Release|Any CPU
		{74DFB143-6DAD-4107-B481-3C7C09472490}.Release|Any CPU.Build.0 = Release|Any CPU
	EndGlobalSection
	GlobalSection(SolutionProperties) = preSolution
		HideSolutionNode = FALSE
	EndGlobalSection
	GlobalSection(ExtensibilityGlobals) = postSolution
		SolutionGuid = {B2ACB885-B14F-4092-93DE-EADC30663DE8}
	EndGlobalSection
EndGlobal
